
Microsoft Visual Studio Solution File, Format Version 12.00
# Visual Studio Version 17
VisualStudioVersion = 17.6.33829.357
MinimumVisualStudioVersion = 10.0.40219.1
Project("{9A19103F-16F7-4668-BE54-9A1E7A4F7556}") = "APP", "src\APP\APP.csproj", "{EAE58351-7E76-4BD7-86B4-8C0B17E3BDED}"
EndProject
Project("{2150E333-8FDC-42A3-9474-1A3956D46DE8}") = "APP", "APP", "{2026A0F6-7E44-4E71-AED2-A44F64E36FB0}"
EndProject
Project("{2150E333-8FDC-42A3-9474-1A3956D46DE8}") = "API", "API", "{B4A77C68-098E-4C8F-A85D-0CF3FA272544}"
EndProject
Project("{9A19103F-16F7-4668-BE54-9A1E7A4F7556}") = "API.Domain", "src\API.Domain\API.Domain.csproj", "{03A82EFC-0603-4FDC-BA60-99FA882BB279}"
EndProject
Project("{9A19103F-16F7-4668-BE54-9A1E7A4F7556}") = "API.Infrastructure", "src\API.Infrastructure\API.Infrastructure.csproj", "{59740A3A-B539-48C8-94B0-D0BE403C34C9}"
EndProject
Project("{9A19103F-16F7-4668-BE54-9A1E7A4F7556}") = "API.Persistence", "src\API.Persistence\API.Persistence.csproj", "{74C06327-94C6-483F-B6F1-C03349F42DDF}"
EndProject
Project("{9A19103F-16F7-4668-BE54-9A1E7A4F7556}") = "API.Service", "src\API.Service\API.Service.csproj", "{38C4CB40-A51D-4E8C-91AF-DFB102EC8BC9}"
EndProject
Project("{9A19103F-16F7-4668-BE54-9A1E7A4F7556}") = "API", "src\API\API.csproj", "{196858C6-CE19-4B73-91A4-78543ECFC7E9}"
EndProject
Project("{FAE04EC0-301F-11D3-BF4B-00C04F79EFBC}") = "API.Test", "API.Test\API.Test.csproj", "{2F9C16EE-18EA-4F87-8E2A-D28F81068CC2}"
EndProject
Global
	GlobalSection(SolutionConfigurationPlatforms) = preSolution
		Debug|Any CPU = Debug|Any CPU
		Release|Any CPU = Release|Any CPU
	EndGlobalSection
	GlobalSection(ProjectConfigurationPlatforms) = postSolution
		{EAE58351-7E76-4BD7-86B4-8C0B17E3BDED}.Debug|Any CPU.ActiveCfg = Debug|Any CPU
		{EAE58351-7E76-4BD7-86B4-8C0B17E3BDED}.Debug|Any CPU.Build.0 = Debug|Any CPU
		{EAE58351-7E76-4BD7-86B4-8C0B17E3BDED}.Release|Any CPU.ActiveCfg = Release|Any CPU
		{EAE58351-7E76-4BD7-86B4-8C0B17E3BDED}.Release|Any CPU.Build.0 = Release|Any CPU
		{03A82EFC-0603-4FDC-BA60-99FA882BB279}.Debug|Any CPU.ActiveCfg = Debug|Any CPU
		{03A82EFC-0603-4FDC-BA60-99FA882BB279}.Debug|Any CPU.Build.0 = Debug|Any CPU
		{03A82EFC-0603-4FDC-BA60-99FA882BB279}.Release|Any CPU.ActiveCfg = Release|Any CPU
		{03A82EFC-0603-4FDC-BA60-99FA882BB279}.Release|Any CPU.Build.0 = Release|Any CPU
		{59740A3A-B539-48C8-94B0-D0BE403C34C9}.Debug|Any CPU.ActiveCfg = Debug|Any CPU
		{59740A3A-B539-48C8-94B0-D0BE403C34C9}.Debug|Any CPU.Build.0 = Debug|Any CPU
		{59740A3A-B539-48C8-94B0-D0BE403C34C9}.Release|Any CPU.ActiveCfg = Release|Any CPU
		{59740A3A-B539-48C8-94B0-D0BE403C34C9}.Release|Any CPU.Build.0 = Release|Any CPU
		{74C06327-94C6-483F-B6F1-C03349F42DDF}.Debug|Any CPU.ActiveCfg = Debug|Any CPU
		{74C06327-94C6-483F-B6F1-C03349F42DDF}.Debug|Any CPU.Build.0 = Debug|Any CPU
		{74C06327-94C6-483F-B6F1-C03349F42DDF}.Release|Any CPU.ActiveCfg = Release|Any CPU
		{74C06327-94C6-483F-B6F1-C03349F42DDF}.Release|Any CPU.Build.0 = Release|Any CPU
		{38C4CB40-A51D-4E8C-91AF-DFB102EC8BC9}.Debug|Any CPU.ActiveCfg = Debug|Any CPU
		{38C4CB40-A51D-4E8C-91AF-DFB102EC8BC9}.Debug|Any CPU.Build.0 = Debug|Any CPU
		{38C4CB40-A51D-4E8C-91AF-DFB102EC8BC9}.Release|Any CPU.ActiveCfg = Release|Any CPU
		{38C4CB40-A51D-4E8C-91AF-DFB102EC8BC9}.Release|Any CPU.Build.0 = Release|Any CPU
		{196858C6-CE19-4B73-91A4-78543ECFC7E9}.Debug|Any CPU.ActiveCfg = Debug|Any CPU
		{196858C6-CE19-4B73-91A4-78543ECFC7E9}.Debug|Any CPU.Build.0 = Debug|Any CPU
		{196858C6-CE19-4B73-91A4-78543ECFC7E9}.Release|Any CPU.ActiveCfg = Release|Any CPU
		{196858C6-CE19-4B73-91A4-78543ECFC7E9}.Release|Any CPU.Build.0 = Release|Any CPU
		{2F9C16EE-18EA-4F87-8E2A-D28F81068CC2}.Debug|Any CPU.ActiveCfg = Debug|Any CPU
		{2F9C16EE-18EA-4F87-8E2A-D28F81068CC2}.Debug|Any CPU.Build.0 = Debug|Any CPU
		{2F9C16EE-18EA-4F87-8E2A-D28F81068CC2}.Release|Any CPU.ActiveCfg = Release|Any CPU
		{2F9C16EE-18EA-4F87-8E2A-D28F81068CC2}.Release|Any CPU.Build.0 = Release|Any CPU
	EndGlobalSection
	GlobalSection(SolutionProperties) = preSolution
		HideSolutionNode = FALSE
	EndGlobalSection
	GlobalSection(NestedProjects) = preSolution
		{EAE58351-7E76-4BD7-86B4-8C0B17E3BDED} = {2026A0F6-7E44-4E71-AED2-A44F64E36FB0}
		{03A82EFC-0603-4FDC-BA60-99FA882BB279} = {B4A77C68-098E-4C8F-A85D-0CF3FA272544}
		{59740A3A-B539-48C8-94B0-D0BE403C34C9} = {B4A77C68-098E-4C8F-A85D-0CF3FA272544}
		{74C06327-94C6-483F-B6F1-C03349F42DDF} = {B4A77C68-098E-4C8F-A85D-0CF3FA272544}
		{38C4CB40-A51D-4E8C-91AF-DFB102EC8BC9} = {B4A77C68-098E-4C8F-A85D-0CF3FA272544}
		{196858C6-CE19-4B73-91A4-78543ECFC7E9} = {B4A77C68-098E-4C8F-A85D-0CF3FA272544}
		{2F9C16EE-18EA-4F87-8E2A-D28F81068CC2} = {B4A77C68-098E-4C8F-A85D-0CF3FA272544}
	EndGlobalSection
	GlobalSection(ExtensibilityGlobals) = postSolution
		SolutionGuid = {00452BB9-657D-46B5-A91D-1716C71F7890}
	EndGlobalSection
EndGlobal
